// !$*UTF8*$!
{
	archiveVersion = 1;
	classes = {
	};
	objectVersion = 46;
	objects = {

/* Begin PBXBuildFile section */
		397A415D1C3F45A00006605B /* ScoreTableView.m in Sources */ = {isa = PBXBuildFile; fileRef = 397A415C1C3F45A00006605B /* ScoreTableView.m */; };
		39DC75C31C35D23800F16495 /* main.m in Sources */ = {isa = PBXBuildFile; fileRef = 39DC75C21C35D23800F16495 /* main.m */; };
		39DC75C61C35D23800F16495 /* AppDelegate.m in Sources */ = {isa = PBXBuildFile; fileRef = 39DC75C51C35D23800F16495 /* AppDelegate.m */; };
		39DC75C91C35D23800F16495 /* ViewController.m in Sources */ = {isa = PBXBuildFile; fileRef = 39DC75C81C35D23800F16495 /* ViewController.m */; };
		39DC75CC1C35D23800F16495 /* Main.storyboard in Resources */ = {isa = PBXBuildFile; fileRef = 39DC75CA1C35D23800F16495 /* Main.storyboard */; };
		39DC75CE1C35D23800F16495 /* Assets.xcassets in Resources */ = {isa = PBXBuildFile; fileRef = 39DC75CD1C35D23800F16495 /* Assets.xcassets */; };
		39DC75D11C35D23800F16495 /* LaunchScreen.storyboard in Resources */ = {isa = PBXBuildFile; fileRef = 39DC75CF1C35D23800F16495 /* LaunchScreen.storyboard */; };
		39DC75DC1C35D23800F16495 /* BubbleTests.m in Sources */ = {isa = PBXBuildFile; fileRef = 39DC75DB1C35D23800F16495 /* BubbleTests.m */; };
		39DC75E71C35D23800F16495 /* BubbleUITests.m in Sources */ = {isa = PBXBuildFile; fileRef = 39DC75E61C35D23800F16495 /* BubbleUITests.m */; };
		39DC75FA1C35D46500F16495 /* BubbleGame.m in Sources */ = {isa = PBXBuildFile; fileRef = 39DC75F91C35D46500F16495 /* BubbleGame.m */; };
		39DC75FD1C35DBA500F16495 /* BubblePiece.m in Sources */ = {isa = PBXBuildFile; fileRef = 39DC75FC1C35DBA500F16495 /* BubblePiece.m */; };
		39DC76031C3626A500F16495 /* gameBoardView.m in Sources */ = {isa = PBXBuildFile; fileRef = 39DC76021C3626A500F16495 /* gameBoardView.m */; };
		39DC76061C3629A600F16495 /* BubbleView.m in Sources */ = {isa = PBXBuildFile; fileRef = 39DC76051C3629A600F16495 /* BubbleView.m */; };
		39DC76091C3B099800F16495 /* ScoreBarView.m in Sources */ = {isa = PBXBuildFile; fileRef = 39DC76081C3B099800F16495 /* ScoreBarView.m */; };
/* End PBXBuildFile section */

/* Begin PBXContainerItemProxy section */
		39DC75D81C35D23800F16495 /* PBXContainerItemProxy */ = {
			isa = PBXContainerItemProxy;
			containerPortal = 39DC75B61C35D23800F16495 /* Project object */;
			proxyType = 1;
			remoteGlobalIDString = 39DC75BD1C35D23800F16495;
			remoteInfo = Bubble;
		};
		39DC75E31C35D23800F16495 /* PBXContainerItemProxy */ = {
			isa = PBXContainerItemProxy;
			containerPortal = 39DC75B61C35D23800F16495 /* Project object */;
			proxyType = 1;
			remoteGlobalIDString = 39DC75BD1C35D23800F16495;
			remoteInfo = Bubble;
		};
/* End PBXContainerItemProxy section */

/* Begin PBXFileReference section */
		397A415B1C3F45A00006605B /* ScoreTableView.h */ = {isa = PBXFileReference; fileEncoding = 4; lastKnownFileType = sourcecode.c.h; path = ScoreTableView.h; sourceTree = "<group>"; };
		397A415C1C3F45A00006605B /* ScoreTableView.m */ = {isa = PBXFileReference; fileEncoding = 4; lastKnownFileType = sourcecode.c.objc; path = ScoreTableView.m; sourceTree = "<group>"; };
		39DC75BE1C35D23800F16495 /* Bubble.app */ = {isa = PBXFileReference; explicitFileType = wrapper.application; includeInIndex = 0; path = Bubble.app; sourceTree = BUILT_PRODUCTS_DIR; };
		39DC75C21C35D23800F16495 /* main.m */ = {isa = PBXFileReference; lastKnownFileType = sourcecode.c.objc; path = main.m; sourceTree = "<group>"; };
		39DC75C41C35D23800F16495 /* AppDelegate.h */ = {isa = PBXFileReference; lastKnownFileType = sourcecode.c.h; path = AppDelegate.h; sourceTree = "<group>"; };
		39DC75C51C35D23800F16495 /* AppDelegate.m */ = {isa = PBXFileReference; lastKnownFileType = sourcecode.c.objc; path = AppDelegate.m; sourceTree = "<group>"; };
		39DC75C71C35D23800F16495 /* ViewController.h */ = {isa = PBXFileReference; lastKnownFileType = sourcecode.c.h; path = ViewController.h; sourceTree = "<group>"; };
		39DC75C81C35D23800F16495 /* ViewController.m */ = {isa = PBXFileReference; lastKnownFileType = sourcecode.c.objc; path = ViewController.m; sourceTree = "<group>"; };
		39DC75CB1C35D23800F16495 /* Base */ = {isa = PBXFileReference; lastKnownFileType = file.storyboard; name = Base; path = Base.lproj/Main.storyboard; sourceTree = "<group>"; };
		39DC75CD1C35D23800F16495 /* Assets.xcassets */ = {isa = PBXFileReference; lastKnownFileType = folder.assetcatalog; path = Assets.xcassets; sourceTree = "<group>"; };
		39DC75D01C35D23800F16495 /* Base */ = {isa = PBXFileReference; lastKnownFileType = file.storyboard; name = Base; path = Base.lproj/LaunchScreen.storyboard; sourceTree = "<group>"; };
		39DC75D21C35D23800F16495 /* Info.plist */ = {isa = PBXFileReference; lastKnownFileType = text.plist.xml; path = Info.plist; sourceTree = "<group>"; };
		39DC75D71C35D23800F16495 /* Bubble.xctest */ = {isa = PBXFileReference; explicitFileType = wrapper.cfbundle; includeInIndex = 0; path = Bubble.xctest; sourceTree = BUILT_PRODUCTS_DIR; };
		39DC75DB1C35D23800F16495 /* BubbleTests.m */ = {isa = PBXFileReference; lastKnownFileType = sourcecode.c.objc; path = BubbleTests.m; sourceTree = "<group>"; };
		39DC75DD1C35D23800F16495 /* Info.plist */ = {isa = PBXFileReference; lastKnownFileType = text.plist.xml; path = Info.plist; sourceTree = "<group>"; };
		39DC75E21C35D23800F16495 /* Bubble.xctest */ = {isa = PBXFileReference; explicitFileType = wrapper.cfbundle; includeInIndex = 0; path = Bubble.xctest; sourceTree = BUILT_PRODUCTS_DIR; };
		39DC75E61C35D23800F16495 /* BubbleUITests.m */ = {isa = PBXFileReference; lastKnownFileType = sourcecode.c.objc; path = BubbleUITests.m; sourceTree = "<group>"; };
		39DC75E81C35D23800F16495 /* Info.plist */ = {isa = PBXFileReference; lastKnownFileType = text.plist.xml; path = Info.plist; sourceTree = "<group>"; };
		39DC75F81C35D46500F16495 /* BubbleGame.h */ = {isa = PBXFileReference; fileEncoding = 4; lastKnownFileType = sourcecode.c.h; name = BubbleGame.h; path = Model/BubbleGame.h; sourceTree = "<group>"; };
		39DC75F91C35D46500F16495 /* BubbleGame.m */ = {isa = PBXFileReference; fileEncoding = 4; lastKnownFileType = sourcecode.c.objc; name = BubbleGame.m; path = Model/BubbleGame.m; sourceTree = "<group>"; };
		39DC75FB1C35DBA500F16495 /* BubblePiece.h */ = {isa = PBXFileReference; fileEncoding = 4; lastKnownFileType = sourcecode.c.h; name = BubblePiece.h; path = Model/BubblePiece.h; sourceTree = "<group>"; };
		39DC75FC1C35DBA500F16495 /* BubblePiece.m */ = {isa = PBXFileReference; fileEncoding = 4; lastKnownFileType = sourcecode.c.objc; name = BubblePiece.m; path = Model/BubblePiece.m; sourceTree = "<group>"; };
		39DC76011C3626A500F16495 /* gameBoardView.h */ = {isa = PBXFileReference; fileEncoding = 4; lastKnownFileType = sourcecode.c.h; path = gameBoardView.h; sourceTree = "<group>"; };
		39DC76021C3626A500F16495 /* gameBoardView.m */ = {isa = PBXFileReference; fileEncoding = 4; lastKnownFileType = sourcecode.c.objc; path = gameBoardView.m; sourceTree = "<group>"; };
		39DC76041C3629A600F16495 /* BubbleView.h */ = {isa = PBXFileReference; fileEncoding = 4; lastKnownFileType = sourcecode.c.h; path = BubbleView.h; sourceTree = "<group>"; };
		39DC76051C3629A600F16495 /* BubbleView.m */ = {isa = PBXFileReference; fileEncoding = 4; lastKnownFileType = sourcecode.c.objc; path = BubbleView.m; sourceTree = "<group>"; };
		39DC76071C3B099800F16495 /* ScoreBarView.h */ = {isa = PBXFileReference; fileEncoding = 4; lastKnownFileType = sourcecode.c.h; path = ScoreBarView.h; sourceTree = "<group>"; };
		39DC76081C3B099800F16495 /* ScoreBarView.m */ = {isa = PBXFileReference; fileEncoding = 4; lastKnownFileType = sourcecode.c.objc; path = ScoreBarView.m; sourceTree = "<group>"; };
/* End PBXFileReference section */

/* Begin PBXFrameworksBuildPhase section */
		39DC75BB1C35D23800F16495 /* Frameworks */ = {
			isa = PBXFrameworksBuildPhase;
			buildActionMask = 2147483647;
			files = (
			);
			runOnlyForDeploymentPostprocessing = 0;
		};
		39DC75D41C35D23800F16495 /* Frameworks */ = {
			isa = PBXFrameworksBuildPhase;
			buildActionMask = 2147483647;
			files = (
			);
			runOnlyForDeploymentPostprocessing = 0;
		};
		39DC75DF1C35D23800F16495 /* Frameworks */ = {
			isa = PBXFrameworksBuildPhase;
			buildActionMask = 2147483647;
			files = (
			);
			runOnlyForDeploymentPostprocessing = 0;
		};
/* End PBXFrameworksBuildPhase section */

/* Begin PBXGroup section */
		39DC75B51C35D23800F16495 = {
			isa = PBXGroup;
			children = (
				39DC75C01C35D23800F16495 /* Bubble */,
				39DC75DA1C35D23800F16495 /* BubbleTests */,
				39DC75E51C35D23800F16495 /* BubbleUITests */,
				39DC75BF1C35D23800F16495 /* Products */,
			);
			sourceTree = "<group>";
		};
		39DC75BF1C35D23800F16495 /* Products */ = {
			isa = PBXGroup;
			children = (
				39DC75BE1C35D23800F16495 /* Bubble.app */,
				39DC75D71C35D23800F16495 /* Bubble.xctest */,
				39DC75E21C35D23800F16495 /* Bubble.xctest */,
			);
			name = Products;
			sourceTree = "<group>";
		};
		39DC75C01C35D23800F16495 /* Bubble */ = {
			isa = PBXGroup;
			children = (
				39DC75F71C35D2A100F16495 /* Model */,
				39DC75C71C35D23800F16495 /* ViewController.h */,
				39DC75C81C35D23800F16495 /* ViewController.m */,
				39DC76041C3629A600F16495 /* BubbleView.h */,
				39DC76051C3629A600F16495 /* BubbleView.m */,
				39DC76011C3626A500F16495 /* gameBoardView.h */,
				39DC76021C3626A500F16495 /* gameBoardView.m */,
				39DC76071C3B099800F16495 /* ScoreBarView.h */,
				39DC76081C3B099800F16495 /* ScoreBarView.m */,
				39DC75CA1C35D23800F16495 /* Main.storyboard */,
				397A415B1C3F45A00006605B /* ScoreTableView.h */,
				397A415C1C3F45A00006605B /* ScoreTableView.m */,
				39DC75CD1C35D23800F16495 /* Assets.xcassets */,
				39DC75CF1C35D23800F16495 /* LaunchScreen.storyboard */,
				39DC75D21C35D23800F16495 /* Info.plist */,
				39DC75C11C35D23800F16495 /* Supporting Files */,
			);
			path = Bubble;
			sourceTree = "<group>";
		};
		39DC75C11C35D23800F16495 /* Supporting Files */ = {
			isa = PBXGroup;
			children = (
				39DC75C41C35D23800F16495 /* AppDelegate.h */,
				39DC75C51C35D23800F16495 /* AppDelegate.m */,
				39DC75C21C35D23800F16495 /* main.m */,
			);
			name = "Supporting Files";
			sourceTree = "<group>";
		};
		39DC75DA1C35D23800F16495 /* BubbleTests */ = {
			isa = PBXGroup;
			children = (
				39DC75DB1C35D23800F16495 /* BubbleTests.m */,
				39DC75DD1C35D23800F16495 /* Info.plist */,
			);
			path = BubbleTests;
			sourceTree = "<group>";
		};
		39DC75E51C35D23800F16495 /* BubbleUITests */ = {
			isa = PBXGroup;
			children = (
				39DC75E61C35D23800F16495 /* BubbleUITests.m */,
				39DC75E81C35D23800F16495 /* Info.plist */,
			);
			path = BubbleUITests;
			sourceTree = "<group>";
		};
		39DC75F71C35D2A100F16495 /* Model */ = {
			isa = PBXGroup;
			children = (
				39DC75FB1C35DBA500F16495 /* BubblePiece.h */,
				39DC75FC1C35DBA500F16495 /* BubblePiece.m */,
				39DC75F81C35D46500F16495 /* BubbleGame.h */,
				39DC75F91C35D46500F16495 /* BubbleGame.m */,
			);
			name = Model;
			sourceTree = "<group>";
		};
/* End PBXGroup section */

/* Begin PBXNativeTarget section */
		39DC75BD1C35D23800F16495 /* Bubble */ = {
			isa = PBXNativeTarget;
			buildConfigurationList = 39DC75EB1C35D23800F16495 /* Build configuration list for PBXNativeTarget "Bubble" */;
			buildPhases = (
				39DC75BA1C35D23800F16495 /* Sources */,
				39DC75BB1C35D23800F16495 /* Frameworks */,
				39DC75BC1C35D23800F16495 /* Resources */,
			);
			buildRules = (
			);
			dependencies = (
			);
			name = Bubble;
			productName = Bubble;
			productReference = 39DC75BE1C35D23800F16495 /* Bubble.app */;
			productType = "com.apple.product-type.application";
		};
		39DC75D61C35D23800F16495 /* BubbleTests */ = {
			isa = PBXNativeTarget;
			buildConfigurationList = 39DC75EE1C35D23800F16495 /* Build configuration list for PBXNativeTarget "BubbleTests" */;
			buildPhases = (
				39DC75D31C35D23800F16495 /* Sources */,
				39DC75D41C35D23800F16495 /* Frameworks */,
				39DC75D51C35D23800F16495 /* Resources */,
			);
			buildRules = (
			);
			dependencies = (
				39DC75D91C35D23800F16495 /* PBXTargetDependency */,
			);
			name = BubbleTests;
			productName = BubbleTests;
			productReference = 39DC75D71C35D23800F16495 /* Bubble.xctest */;
			productType = "com.apple.product-type.bundle.unit-test";
		};
		39DC75E11C35D23800F16495 /* BubbleUITests */ = {
			isa = PBXNativeTarget;
			buildConfigurationList = 39DC75F11C35D23800F16495 /* Build configuration list for PBXNativeTarget "BubbleUITests" */;
			buildPhases = (
				39DC75DE1C35D23800F16495 /* Sources */,
				39DC75DF1C35D23800F16495 /* Frameworks */,
				39DC75E01C35D23800F16495 /* Resources */,
			);
			buildRules = (
			);
			dependencies = (
				39DC75E41C35D23800F16495 /* PBXTargetDependency */,
			);
			name = BubbleUITests;
			productName = BubbleUITests;
			productReference = 39DC75E21C35D23800F16495 /* Bubble.xctest */;
			productType = "com.apple.product-type.bundle.ui-testing";
		};
/* End PBXNativeTarget section */

/* Begin PBXProject section */
		39DC75B61C35D23800F16495 /* Project object */ = {
			isa = PBXProject;
			attributes = {
				LastUpgradeCheck = 0720;
				ORGANIZATIONNAME = "xinye lei";
				TargetAttributes = {
					39DC75BD1C35D23800F16495 = {
						CreatedOnToolsVersion = 7.2;
						DevelopmentTeam = MD3RJAU54S;
					};
					39DC75D61C35D23800F16495 = {
						CreatedOnToolsVersion = 7.2;
						DevelopmentTeam = MD3RJAU54S;
						TestTargetID = 39DC75BD1C35D23800F16495;
					};
					39DC75E11C35D23800F16495 = {
						CreatedOnToolsVersion = 7.2;
						DevelopmentTeam = MD3RJAU54S;
						TestTargetID = 39DC75BD1C35D23800F16495;
					};
				};
			};
			buildConfigurationList = 39DC75B91C35D23800F16495 /* Build configuration list for PBXProject "Bubble" */;
			compatibilityVersion = "Xcode 3.2";
			developmentRegion = English;
			hasScannedForEncodings = 0;
			knownRegions = (
				en,
				Base,
			);
			mainGroup = 39DC75B51C35D23800F16495;
			productRefGroup = 39DC75BF1C35D23800F16495 /* Products */;
			projectDirPath = "";
			projectRoot = "";
			targets = (
				39DC75BD1C35D23800F16495 /* Bubble */,
				39DC75D61C35D23800F16495 /* BubbleTests */,
				39DC75E11C35D23800F16495 /* BubbleUITests */,
			);
		};
/* End PBXProject section */

/* Begin PBXResourcesBuildPhase section */
		39DC75BC1C35D23800F16495 /* Resources */ = {
			isa = PBXResourcesBuildPhase;
			buildActionMask = 2147483647;
			files = (
				39DC75D11C35D23800F16495 /* LaunchScreen.storyboard in Resources */,
				39DC75CE1C35D23800F16495 /* Assets.xcassets in Resources */,
				39DC75CC1C35D23800F16495 /* Main.storyboard in Resources */,
			);
			runOnlyForDeploymentPostprocessing = 0;
		};
		39DC75D51C35D23800F16495 /* Resources */ = {
			isa = PBXResourcesBuildPhase;
			buildActionMask = 2147483647;
			files = (
			);
			runOnlyForDeploymentPostprocessing = 0;
		};
		39DC75E01C35D23800F16495 /* Resources */ = {
			isa = PBXResourcesBuildPhase;
			buildActionMask = 2147483647;
			files = (
			);
			runOnlyForDeploymentPostprocessing = 0;
		};
/* End PBXResourcesBuildPhase section */

/* Begin PBXSourcesBuildPhase section */
		39DC75BA1C35D23800F16495 /* Sources */ = {
			isa = PBXSourcesBuildPhase;
			buildActionMask = 2147483647;
			files = (
				39DC75C91C35D23800F16495 /* ViewController.m in Sources */,
				39DC76061C3629A600F16495 /* BubbleView.m in Sources */,
				39DC75FA1C35D46500F16495 /* BubbleGame.m in Sources */,
				39DC75C61C35D23800F16495 /* AppDelegate.m in Sources */,
				39DC75C31C35D23800F16495 /* main.m in Sources */,
				39DC76091C3B099800F16495 /* ScoreBarView.m in Sources */,
				397A415D1C3F45A00006605B /* ScoreTableView.m in Sources */,
				39DC75FD1C35DBA500F16495 /* BubblePiece.m in Sources */,
				39DC76031C3626A500F16495 /* gameBoardView.m in Sources */,
			);
			runOnlyForDeploymentPostprocessing = 0;
		};
		39DC75D31C35D23800F16495 /* Sources */ = {
			isa = PBXSourcesBuildPhase;
			buildActionMask = 2147483647;
			files = (
				39DC75DC1C35D23800F16495 /* BubbleTests.m in Sources */,
			);
			runOnlyForDeploymentPostprocessing = 0;
		};
		39DC75DE1C35D23800F16495 /* Sources */ = {
			isa = PBXSourcesBuildPhase;
			buildActionMask = 2147483647;
			files = (
				39DC75E71C35D23800F16495 /* BubbleUITests.m in Sources */,
			);
			runOnlyForDeploymentPostprocessing = 0;
		};
/* End PBXSourcesBuildPhase section */

/* Begin PBXTargetDependency section */
		39DC75D91C35D23800F16495 /* PBXTargetDependency */ = {
			isa = PBXTargetDependency;
			target = 39DC75BD1C35D23800F16495 /* Bubble */;
			targetProxy = 39DC75D81C35D23800F16495 /* PBXContainerItemProxy */;
		};
		39DC75E41C35D23800F16495 /* PBXTargetDependency */ = {
			isa = PBXTargetDependency;
			target = 39DC75BD1C35D23800F16495 /* Bubble */;
			targetProxy = 39DC75E31C35D23800F16495 /* PBXContainerItemProxy */;
		};
/* End PBXTargetDependency section */

/* Begin PBXVariantGroup section */
		39DC75CA1C35D23800F16495 /* Main.storyboard */ = {
			isa = PBXVariantGroup;
			children = (
				39DC75CB1C35D23800F16495 /* Base */,
			);
			name = Main.storyboard;
			sourceTree = "<group>";
		};
		39DC75CF1C35D23800F16495 /* LaunchScreen.storyboard */ = {
			isa = PBXVariantGroup;
			children = (
				39DC75D01C35D23800F16495 /* Base */,
			);
			name = LaunchScreen.storyboard;
			sourceTree = "<group>";
		};
/* End PBXVariantGroup section */

/* Begin XCBuildConfiguration section */
		39DC75E91C35D23800F16495 /* Debug */ = {
			isa = XCBuildConfiguration;
			buildSettings = {
				ALWAYS_SEARCH_USER_PATHS = NO;
				CLANG_CXX_LANGUAGE_STANDARD = "gnu++0x";
				CLANG_CXX_LIBRARY = "libc++";
				CLANG_ENABLE_MODULES = YES;
				CLANG_ENABLE_OBJC_ARC = YES;
				CLANG_WARN_BOOL_CONVERSION = YES;
				CLANG_WARN_CONSTANT_CONVERSION = YES;
				CLANG_WARN_DIRECT_OBJC_ISA_USAGE = YES_ERROR;
				CLANG_WARN_EMPTY_BODY = YES;
				CLANG_WARN_ENUM_CONVERSION = YES;
				CLANG_WARN_INT_CONVERSION = YES;
				CLANG_WARN_OBJC_ROOT_CLASS = YES_ERROR;
				CLANG_WARN_UNREACHABLE_CODE = YES;
				CLANG_WARN__DUPLICATE_METHOD_MATCH = YES;
				"CODE_SIGN_IDENTITY[sdk=iphoneos*]" = "iPhone Developer";
				COPY_PHASE_STRIP = NO;
				DEBUG_INFORMATION_FORMAT = dwarf;
				ENABLE_STRICT_OBJC_MSGSEND = YES;
				ENABLE_TESTABILITY = YES;
				GCC_C_LANGUAGE_STANDARD = gnu99;
				GCC_DYNAMIC_NO_PIC = NO;
				GCC_NO_COMMON_BLOCKS = YES;
				GCC_OPTIMIZATION_LEVEL = 0;
				GCC_PREPROCESSOR_DEFINITIONS = (
					"DEBUG=1",
					"$(inherited)",
				);
				GCC_WARN_64_TO_32_BIT_CONVERSION = YES;
				GCC_WARN_ABOUT_RETURN_TYPE = YES_ERROR;
				GCC_WARN_UNDECLARED_SELECTOR = YES;
				GCC_WARN_UNINITIALIZED_AUTOS = YES_AGGRESSIVE;
				GCC_WARN_UNUSED_FUNCTION = YES;
				GCC_WARN_UNUSED_VARIABLE = YES;
				IPHONEOS_DEPLOYMENT_TARGET = 9.2;
				MTL_ENABLE_DEBUG_INFO = YES;
				ONLY_ACTIVE_ARCH = YES;
				SDKROOT = iphoneos;
				TARGETED_DEVICE_FAMILY = "1,2";
			};
			name = Debug;
		};
		39DC75EA1C35D23800F16495 /* Release */ = {
			isa = XCBuildConfiguration;
			buildSettings = {
				ALWAYS_SEARCH_USER_PATHS = NO;
				CLANG_CXX_LANGUAGE_STANDARD = "gnu++0x";
				CLANG_CXX_LIBRARY = "libc++";
				CLANG_ENABLE_MODULES = YES;
				CLANG_ENABLE_OBJC_ARC = YES;
				CLANG_WARN_BOOL_CONVERSION = YES;
				CLANG_WARN_CONSTANT_CONVERSION = YES;
				CLANG_WARN_DIRECT_OBJC_ISA_USAGE = YES_ERROR;
				CLANG_WARN_EMPTY_BODY = YES;
				CLANG_WARN_ENUM_CONVERSION = YES;
				CLANG_WARN_INT_CONVERSION = YES;
				CLANG_WARN_OBJC_ROOT_CLASS = YES_ERROR;
				CLANG_WARN_UNREACHABLE_CODE = YES;
				CLANG_WARN__DUPLICATE_METHOD_MATCH = YES;
				"CODE_SIGN_IDENTITY[sdk=iphoneos*]" = "iPhone Developer";
				COPY_PHASE_STRIP = NO;
				DEBUG_INFORMATION_FORMAT = "dwarf-with-dsym";
				ENABLE_NS_ASSERTIONS = NO;
				ENABLE_STRICT_OBJC_MSGSEND = YES;
				GCC_C_LANGUAGE_STANDARD = gnu99;
				GCC_NO_COMMON_BLOCKS = YES;
				GCC_WARN_64_TO_32_BIT_CONVERSION = YES;
				GCC_WARN_ABOUT_RETURN_TYPE = YES_ERROR;
				GCC_WARN_UNDECLARED_SELECTOR = YES;
				GCC_WARN_UNINITIALIZED_AUTOS = YES_AGGRESSIVE;
				GCC_WARN_UNUSED_FUNCTION = YES;
				GCC_WARN_UNUSED_VARIABLE = YES;
				IPHONEOS_DEPLOYMENT_TARGET = 9.2;
				MTL_ENABLE_DEBUG_INFO = NO;
				SDKROOT = iphoneos;
				TARGETED_DEVICE_FAMILY = "1,2";
				VALIDATE_PRODUCT = YES;
			};
			name = Release;
		};
		39DC75EC1C35D23800F16495 /* Debug */ = {
			isa = XCBuildConfiguration;
			buildSettings = {
				ASSETCATALOG_COMPILER_APPICON_NAME = AppIcon;
				CODE_SIGN_IDENTITY = "iPhone Developer";
				INFOPLIST_FILE = Bubble/Info.plist;
				LD_RUNPATH_SEARCH_PATHS = "$(inherited) @executable_path/Frameworks";
				PRODUCT_BUNDLE_IDENTIFIER = lei.Bubble;
				PRODUCT_NAME = Bubble;
			};
			name = Debug;
		};
		39DC75ED1C35D23800F16495 /* Release */ = {
			isa = XCBuildConfiguration;
			buildSettings = {
				ASSETCATALOG_COMPILER_APPICON_NAME = AppIcon;
				CODE_SIGN_IDENTITY = "iPhone Developer";
				INFOPLIST_FILE = Bubble/Info.plist;
				LD_RUNPATH_SEARCH_PATHS = "$(inherited) @executable_path/Frameworks";
				PRODUCT_BUNDLE_IDENTIFIER = lei.Bubble;
				PRODUCT_NAME = Bubble;
			};
			name = Release;
		};
		39DC75EF1C35D23800F16495 /* Debug */ = {
			isa = XCBuildConfiguration;
			buildSettings = {
				BUNDLE_LOADER = "$(TEST_HOST)";
				INFOPLIST_FILE = BubbleTests/Info.plist;
				LD_RUNPATH_SEARCH_PATHS = "$(inherited) @executable_path/Frameworks @loader_path/Frameworks";
				PRODUCT_BUNDLE_IDENTIFIER = lei.BubbleTests;
				PRODUCT_NAME = Bubble;
				TEST_HOST = "$(BUILT_PRODUCTS_DIR)/Bubble.app/Bubble";
			};
			name = Debug;
		};
		39DC75F01C35D23800F16495 /* Release */ = {
			isa = XCBuildConfiguration;
			buildSettings = {
				BUNDLE_LOADER = "$(TEST_HOST)";
				INFOPLIST_FILE = BubbleTests/Info.plist;
				LD_RUNPATH_SEARCH_PATHS = "$(inherited) @executable_path/Frameworks @loader_path/Frameworks";
				PRODUCT_BUNDLE_IDENTIFIER = lei.BubbleTests;
				PRODUCT_NAME = Bubble;
				TEST_HOST = "$(BUILT_PRODUCTS_DIR)/Bubble.app/Bubble";
			};
			name = Release;
		};
		39DC75F21C35D23800F16495 /* Debug */ = {
			isa = XCBuildConfiguration;
			buildSettings = {
				CODE_SIGN_ENTITLEMENTS = lei;
				INFOPLIST_FILE = BubbleUITests/Info.plist;
				LD_RUNPATH_SEARCH_PATHS = "$(inherited) @executable_path/Frameworks @loader_path/Frameworks";
				PRODUCT_BUNDLE_IDENTIFIER = lei.BubbleUITests;
				PRODUCT_NAME = Bubble;
				TEST_TARGET_NAME = Bubble;
				USES_XCTRUNNER = YES;
			};
			name = Debug;
		};
		39DC75F31C35D23800F16495 /* Release */ = {
			isa = XCBuildConfiguration;
			buildSettings = {
				CODE_SIGN_ENTITLEMENTS = lei;
				INFOPLIST_FILE = BubbleUITests/Info.plist;
				LD_RUNPATH_SEARCH_PATHS = "$(inherited) @executable_path/Frameworks @loader_path/Frameworks";
				PRODUCT_BUNDLE_IDENTIFIER = lei.BubbleUITests;
				PRODUCT_NAME = Bubble;
				TEST_TARGET_NAME = Bubble;
				USES_XCTRUNNER = YES;
			};
			name = Release;
		};
/* End XCBuildConfiguration section */

/* Begin XCConfigurationList section */
		39DC75B91C35D23800F16495 /* Build configuration list for PBXProject "Bubble" */ = {
			isa = XCConfigurationList;
			buildConfigurations = (
				39DC75E91C35D23800F16495 /* Debug */,
				39DC75EA1C35D23800F16495 /* Release */,
			);
			defaultConfigurationIsVisible = 0;
			defaultConfigurationName = Release;
		};
		39DC75EB1C35D23800F16495 /* Build configuration list for PBXNativeTarget "Bubble" */ = {
			isa = XCConfigurationList;
			buildConfigurations = (
				39DC75EC1C35D23800F16495 /* Debug */,
				39DC75ED1C35D23800F16495 /* Release */,
			);
			defaultConfigurationIsVisible = 0;
			defaultConfigurationName = Release;
		};
		39DC75EE1C35D23800F16495 /* Build configuration list for PBXNativeTarget "BubbleTests" */ = {
			isa = XCConfigurationList;
			buildConfigurations = (
				39DC75EF1C35D23800F16495 /* Debug */,
				39DC75F01C35D23800F16495 /* Release */,
			);
			defaultConfigurationIsVisible = 0;
			defaultConfigurationName = Release;
		};
		39DC75F11C35D23800F16495 /* Build configuration list for PBXNativeTarget "BubbleUITests" */ = {
			isa = XCConfigurationList;
			buildConfigurations = (
				39DC75F21C35D23800F16495 /* Debug */,
				39DC75F31C35D23800F16495 /* Release */,
			);
			defaultConfigurationIsVisible = 0;
			defaultConfigurationName = Release;
		};
/* End XCConfigurationList section */
	};
	rootObject = 39DC75B61C35D23800F16495 /* Project object */;
}
